
Microsoft Visual Studio Solution File, Format Version 12.00
# Visual Studio Version 16
VisualStudioVersion = 16.0.31911.196
MinimumVisualStudioVersion = 10.0.40219.1
Project("{FAE04EC0-301F-11D3-BF4B-00C04F79EFBC}") = "StackOverflowProject", "StackOverflowProject\StackOverflowProject.csproj", "{A75B397C-14EB-498E-8C31-BD1670698DC3}"
EndProject
Project("{FAE04EC0-301F-11D3-BF4B-00C04F79EFBC}") = "StackOverflowProject.DomainModels", "StackOverflowProject.DomainModels\StackOverflowProject.DomainModels.csproj", "{0C265001-7418-4C96-BA04-3D4F38E280D9}"
EndProject
Project("{FAE04EC0-301F-11D3-BF4B-00C04F79EFBC}") = "StackOverflowProject.ViewModels", "StackOverflowProject.ViewModels\StackOverflowProject.ViewModels.csproj", "{BC239CFC-DD44-4A96-B497-3B90B4DAC8A1}"
EndProject
Project("{FAE04EC0-301F-11D3-BF4B-00C04F79EFBC}") = "StackOverflowProject.Repositories", "StackOverflowProject.Repositories\StackOverflowProject.Repositories.csproj", "{3EE66325-D671-4F5C-AC62-E8385EC70D67}"
EndProject
Project("{FAE04EC0-301F-11D3-BF4B-00C04F79EFBC}") = "StackOverflowProject.ServiceLayer", "StackOverflowProject.ServiceLayer\StackOverflowProject.ServiceLayer.csproj", "{EDC4F6A9-7ED7-4EB4-8F8E-3D5AEE4D852C}"
EndProject
Global
	GlobalSection(SolutionConfigurationPlatforms) = preSolution
		Debug|Any CPU = Debug|Any CPU
		Release|Any CPU = Release|Any CPU
	EndGlobalSection
	GlobalSection(ProjectConfigurationPlatforms) = postSolution
		{A75B397C-14EB-498E-8C31-BD1670698DC3}.Debug|Any CPU.ActiveCfg = Debug|Any CPU
		{A75B397C-14EB-498E-8C31-BD1670698DC3}.Debug|Any CPU.Build.0 = Debug|Any CPU
		{A75B397C-14EB-498E-8C31-BD1670698DC3}.Release|Any CPU.ActiveCfg = Release|Any CPU
		{A75B397C-14EB-498E-8C31-BD1670698DC3}.Release|Any CPU.Build.0 = Release|Any CPU
		{0C265001-7418-4C96-BA04-3D4F38E280D9}.Debug|Any CPU.ActiveCfg = Debug|Any CPU
		{0C265001-7418-4C96-BA04-3D4F38E280D9}.Debug|Any CPU.Build.0 = Debug|Any CPU
		{0C265001-7418-4C96-BA04-3D4F38E280D9}.Release|Any CPU.ActiveCfg = Release|Any CPU
		{0C265001-7418-4C96-BA04-3D4F38E280D9}.Release|Any CPU.Build.0 = Release|Any CPU
		{BC239CFC-DD44-4A96-B497-3B90B4DAC8A1}.Debug|Any CPU.ActiveCfg = Debug|Any CPU
		{BC239CFC-DD44-4A96-B497-3B90B4DAC8A1}.Debug|Any CPU.Build.0 = Debug|Any CPU
		{BC239CFC-DD44-4A96-B497-3B90B4DAC8A1}.Release|Any CPU.ActiveCfg = Release|Any CPU
		{BC239CFC-DD44-4A96-B497-3B90B4DAC8A1}.Release|Any CPU.Build.0 = Release|Any CPU
		{3EE66325-D671-4F5C-AC62-E8385EC70D67}.Debug|Any CPU.ActiveCfg = Debug|Any CPU
		{3EE66325-D671-4F5C-AC62-E8385EC70D67}.Debug|Any CPU.Build.0 = Debug|Any CPU
		{3EE66325-D671-4F5C-AC62-E8385EC70D67}.Release|Any CPU.ActiveCfg = Release|Any CPU
		{3EE66325-D671-4F5C-AC62-E8385EC70D67}.Release|Any CPU.Build.0 = Release|Any CPU
		{EDC4F6A9-7ED7-4EB4-8F8E-3D5AEE4D852C}.Debug|Any CPU.ActiveCfg = Debug|Any CPU
		{EDC4F6A9-7ED7-4EB4-8F8E-3D5AEE4D852C}.Debug|Any CPU.Build.0 = Debug|Any CPU
		{EDC4F6A9-7ED7-4EB4-8F8E-3D5AEE4D852C}.Release|Any CPU.ActiveCfg = Release|Any CPU
		{EDC4F6A9-7ED7-4EB4-8F8E-3D5AEE4D852C}.Release|Any CPU.Build.0 = Release|Any CPU
	EndGlobalSection
	GlobalSection(SolutionProperties) = preSolution
		HideSolutionNode = FALSE
	EndGlobalSection
	GlobalSection(ExtensibilityGlobals) = postSolution
		SolutionGuid = {BBD0D051-DFF1-4FDE-8CF3-02A9D79091F8}
	EndGlobalSection
EndGlobal
